
Microsoft Visual Studio Solution File, Format Version 12.00
# Visual Studio Version 17
VisualStudioVersion = 17.4.33213.308
MinimumVisualStudioVersion = 10.0.40219.1
Project("{FAE04EC0-301F-11D3-BF4B-00C04F79EFBC}") = "ProductManagement", "ProductManagement\ProductManagement.csproj", "{23013C3F-6FA4-48AE-B57B-7D46180008BB}"
EndProject
Global
	GlobalSection(SolutionConfigurationPlatforms) = preSolution
		Debug|Any CPU = Debug|Any CPU
		Release|Any CPU = Release|Any CPU
	EndGlobalSection
	GlobalSection(ProjectConfigurationPlatforms) = postSolution
		{23013C3F-6FA4-48AE-B57B-7D46180008BB}.Debug|Any CPU.ActiveCfg = Debug|Any CPU
		{23013C3F-6FA4-48AE-B57B-7D46180008BB}.Debug|Any CPU.Build.0 = Debug|Any CPU
		{23013C3F-6FA4-48AE-B57B-7D46180008BB}.Release|Any CPU.ActiveCfg = Release|Any CPU
		{23013C3F-6FA4-48AE-B57B-7D46180008BB}.Release|Any CPU.Build.0 = Release|Any CPU
	EndGlobalSection
	GlobalSection(SolutionProperties) = preSolution
		HideSolutionNode = FALSE
	EndGlobalSection
	GlobalSection(ExtensibilityGlobals) = postSolution
		SolutionGuid = {C9512187-8207-41EA-9734-27C300BB1407}
	EndGlobalSection
EndGlobal
